
Microsoft Visual Studio Solution File, Format Version 12.00
# Visual Studio 15
VisualStudioVersion = 15.0.27428.1
MinimumVisualStudioVersion = 10.0.40219.1
Project("{FAE04EC0-301F-11D3-BF4B-00C04F79EFBC}") = "Utilites", "Utilites\Utilites.csproj", "{4FB00B38-66B8-4150-8F1E-DF8F9717DD31}"
EndProject
Global
	GlobalSection(SolutionConfigurationPlatforms) = preSolution
		Debug|Any CPU = Debug|Any CPU
		Release|Any CPU = Release|Any CPU
	EndGlobalSection
	GlobalSection(ProjectConfigurationPlatforms) = postSolution
		{4FB00B38-66B8-4150-8F1E-DF8F9717DD31}.Debug|Any CPU.ActiveCfg = Debug|Any CPU
		{4FB00B38-66B8-4150-8F1E-DF8F9717DD31}.Debug|Any CPU.Build.0 = Debug|Any CPU
		{4FB00B38-66B8-4150-8F1E-DF8F9717DD31}.Release|Any CPU.ActiveCfg = Release|Any CPU
		{4FB00B38-66B8-4150-8F1E-DF8F9717DD31}.Release|Any CPU.Build.0 = Release|Any CPU
	EndGlobalSection
	GlobalSection(SolutionProperties) = preSolution
		HideSolutionNode = FALSE
	EndGlobalSection
	GlobalSection(ExtensibilityGlobals) = postSolution
		SolutionGuid = {6CDAE5C5-FAD6-4D69-91AA-3D71D800A479}
	EndGlobalSection
EndGlobal
